
Microsoft Visual Studio Solution File, Format Version 12.00
# Visual Studio 15
VisualStudioVersion = 15.0.27703.2026
MinimumVisualStudioVersion = 10.0.40219.1
Project("{9A19103F-16F7-4668-BE54-9A1E7A4F7556}") = "FilePartReader", "FilePartReader\FilePartReader.csproj", "{03FBE82B-9349-47AA-9497-14F889D050C8}"
EndProject
Project("{FAE04EC0-301F-11D3-BF4B-00C04F79EFBC}") = "FilePartReader.Test", "UnitTestProject1\FilePartReader.Test.csproj", "{142CEB0B-8BF5-4E1D-9A55-81E3E1AA730D}"
EndProject
Global
	GlobalSection(SolutionConfigurationPlatforms) = preSolution
		Debug|Any CPU = Debug|Any CPU
		Release|Any CPU = Release|Any CPU
	EndGlobalSection
	GlobalSection(ProjectConfigurationPlatforms) = postSolution
		{03FBE82B-9349-47AA-9497-14F889D050C8}.Debug|Any CPU.ActiveCfg = Debug|Any CPU
		{03FBE82B-9349-47AA-9497-14F889D050C8}.Debug|Any CPU.Build.0 = Debug|Any CPU
		{03FBE82B-9349-47AA-9497-14F889D050C8}.Release|Any CPU.ActiveCfg = Release|Any CPU
		{03FBE82B-9349-47AA-9497-14F889D050C8}.Release|Any CPU.Build.0 = Release|Any CPU
		{142CEB0B-8BF5-4E1D-9A55-81E3E1AA730D}.Debug|Any CPU.ActiveCfg = Debug|Any CPU
		{142CEB0B-8BF5-4E1D-9A55-81E3E1AA730D}.Debug|Any CPU.Build.0 = Debug|Any CPU
		{142CEB0B-8BF5-4E1D-9A55-81E3E1AA730D}.Release|Any CPU.ActiveCfg = Release|Any CPU
		{142CEB0B-8BF5-4E1D-9A55-81E3E1AA730D}.Release|Any CPU.Build.0 = Release|Any CPU
	EndGlobalSection
	GlobalSection(SolutionProperties) = preSolution
		HideSolutionNode = FALSE
	EndGlobalSection
	GlobalSection(ExtensibilityGlobals) = postSolution
		SolutionGuid = {5E831DC2-E76F-467C-AB5A-CD477537FE38}
	EndGlobalSection
EndGlobal
